// !$*UTF8*$!
{
	archiveVersion = 1;
	classes = {
	};
	objectVersion = 50;
	objects = {

/* Begin PBXBuildFile section */
		49E232E6225F5FB9008C7760 /* AppDelegate.swift in Sources */ = {isa = PBXBuildFile; fileRef = 49E232E5225F5FB9008C7760 /* AppDelegate.swift */; };
		49E232E8225F5FB9008C7760 /* ViewController.swift in Sources */ = {isa = PBXBuildFile; fileRef = 49E232E7225F5FB9008C7760 /* ViewController.swift */; };
		49E232EB225F5FB9008C7760 /* Main.storyboard in Resources */ = {isa = PBXBuildFile; fileRef = 49E232E9225F5FB9008C7760 /* Main.storyboard */; };
		49E232ED225F5FBA008C7760 /* Assets.xcassets in Resources */ = {isa = PBXBuildFile; fileRef = 49E232EC225F5FBA008C7760 /* Assets.xcassets */; };
		49E232F0225F5FBA008C7760 /* LaunchScreen.storyboard in Resources */ = {isa = PBXBuildFile; fileRef = 49E232EE225F5FBA008C7760 /* LaunchScreen.storyboard */; };
		49E232FB225F5FBA008C7760 /* SwiftTillTests.swift in Sources */ = {isa = PBXBuildFile; fileRef = 49E232FA225F5FBA008C7760 /* SwiftTillTests.swift */; };
		49E23306225F5FBA008C7760 /* SwiftTillUITests.swift in Sources */ = {isa = PBXBuildFile; fileRef = 49E23305225F5FBA008C7760 /* SwiftTillUITests.swift */; };
/* End PBXBuildFile section */

/* Begin PBXContainerItemProxy section */
		49E232F7225F5FBA008C7760 /* PBXContainerItemProxy */ = {
			isa = PBXContainerItemProxy;
			containerPortal = 49E232DA225F5FB9008C7760 /* Project object */;
			proxyType = 1;
			remoteGlobalIDString = 49E232E1225F5FB9008C7760;
			remoteInfo = SwiftTill;
		};
		49E23302225F5FBA008C7760 /* PBXContainerItemProxy */ = {
			isa = PBXContainerItemProxy;
			containerPortal = 49E232DA225F5FB9008C7760 /* Project object */;
			proxyType = 1;
			remoteGlobalIDString = 49E232E1225F5FB9008C7760;
			remoteInfo = SwiftTill;
		};
/* End PBXContainerItemProxy section */

/* Begin PBXFileReference section */
		49E232E2225F5FB9008C7760 /* SwiftTill.app */ = {isa = PBXFileReference; explicitFileType = wrapper.application; includeInIndex = 0; path = SwiftTill.app; sourceTree = BUILT_PRODUCTS_DIR; };
		49E232E5225F5FB9008C7760 /* AppDelegate.swift */ = {isa = PBXFileReference; lastKnownFileType = sourcecode.swift; path = AppDelegate.swift; sourceTree = "<group>"; };
		49E232E7225F5FB9008C7760 /* ViewController.swift */ = {isa = PBXFileReference; lastKnownFileType = sourcecode.swift; path = ViewController.swift; sourceTree = "<group>"; };
		49E232EA225F5FB9008C7760 /* Base */ = {isa = PBXFileReference; lastKnownFileType = file.storyboard; name = Base; path = Base.lproj/Main.storyboard; sourceTree = "<group>"; };
		49E232EC225F5FBA008C7760 /* Assets.xcassets */ = {isa = PBXFileReference; lastKnownFileType = folder.assetcatalog; path = Assets.xcassets; sourceTree = "<group>"; };
		49E232EF225F5FBA008C7760 /* Base */ = {isa = PBXFileReference; lastKnownFileType = file.storyboard; name = Base; path = Base.lproj/LaunchScreen.storyboard; sourceTree = "<group>"; };
		49E232F1225F5FBA008C7760 /* Info.plist */ = {isa = PBXFileReference; lastKnownFileType = text.plist.xml; path = Info.plist; sourceTree = "<group>"; };
		49E232F6225F5FBA008C7760 /* SwiftTillTests.xctest */ = {isa = PBXFileReference; explicitFileType = wrapper.cfbundle; includeInIndex = 0; path = SwiftTillTests.xctest; sourceTree = BUILT_PRODUCTS_DIR; };
		49E232FA225F5FBA008C7760 /* SwiftTillTests.swift */ = {isa = PBXFileReference; lastKnownFileType = sourcecode.swift; path = SwiftTillTests.swift; sourceTree = "<group>"; };
		49E232FC225F5FBA008C7760 /* Info.plist */ = {isa = PBXFileReference; lastKnownFileType = text.plist.xml; path = Info.plist; sourceTree = "<group>"; };
		49E23301225F5FBA008C7760 /* SwiftTillUITests.xctest */ = {isa = PBXFileReference; explicitFileType = wrapper.cfbundle; includeInIndex = 0; path = SwiftTillUITests.xctest; sourceTree = BUILT_PRODUCTS_DIR; };
		49E23305225F5FBA008C7760 /* SwiftTillUITests.swift */ = {isa = PBXFileReference; lastKnownFileType = sourcecode.swift; path = SwiftTillUITests.swift; sourceTree = "<group>"; };
		49E23307225F5FBA008C7760 /* Info.plist */ = {isa = PBXFileReference; lastKnownFileType = text.plist.xml; path = Info.plist; sourceTree = "<group>"; };
/* End PBXFileReference section */

/* Begin PBXFrameworksBuildPhase section */
		49E232DF225F5FB9008C7760 /* Frameworks */ = {
			isa = PBXFrameworksBuildPhase;
			buildActionMask = 2147483647;
			files = (
			);
			runOnlyForDeploymentPostprocessing = 0;
		};
		49E232F3225F5FBA008C7760 /* Frameworks */ = {
			isa = PBXFrameworksBuildPhase;
			buildActionMask = 2147483647;
			files = (
			);
			runOnlyForDeploymentPostprocessing = 0;
		};
		49E232FE225F5FBA008C7760 /* Frameworks */ = {
			isa = PBXFrameworksBuildPhase;
			buildActionMask = 2147483647;
			files = (
			);
			runOnlyForDeploymentPostprocessing = 0;
		};
/* End PBXFrameworksBuildPhase section */

/* Begin PBXGroup section */
		49E232D9225F5FB9008C7760 = {
			isa = PBXGroup;
			children = (
				49E232E4225F5FB9008C7760 /* SwiftTill */,
				49E232F9225F5FBA008C7760 /* SwiftTillTests */,
				49E23304225F5FBA008C7760 /* SwiftTillUITests */,
				49E232E3225F5FB9008C7760 /* Products */,
			);
			sourceTree = "<group>";
		};
		49E232E3225F5FB9008C7760 /* Products */ = {
			isa = PBXGroup;
			children = (
				49E232E2225F5FB9008C7760 /* SwiftTill.app */,
				49E232F6225F5FBA008C7760 /* SwiftTillTests.xctest */,
				49E23301225F5FBA008C7760 /* SwiftTillUITests.xctest */,
			);
			name = Products;
			sourceTree = "<group>";
		};
		49E232E4225F5FB9008C7760 /* SwiftTill */ = {
			isa = PBXGroup;
			children = (
				49E232E5225F5FB9008C7760 /* AppDelegate.swift */,
				49E232E7225F5FB9008C7760 /* ViewController.swift */,
				49E232E9225F5FB9008C7760 /* Main.storyboard */,
				49E232EC225F5FBA008C7760 /* Assets.xcassets */,
				49E232EE225F5FBA008C7760 /* LaunchScreen.storyboard */,
				49E232F1225F5FBA008C7760 /* Info.plist */,
			);
			path = SwiftTill;
			sourceTree = "<group>";
		};
		49E232F9225F5FBA008C7760 /* SwiftTillTests */ = {
			isa = PBXGroup;
			children = (
				49E232FA225F5FBA008C7760 /* SwiftTillTests.swift */,
				49E232FC225F5FBA008C7760 /* Info.plist */,
			);
			path = SwiftTillTests;
			sourceTree = "<group>";
		};
		49E23304225F5FBA008C7760 /* SwiftTillUITests */ = {
			isa = PBXGroup;
			children = (
				49E23305225F5FBA008C7760 /* SwiftTillUITests.swift */,
				49E23307225F5FBA008C7760 /* Info.plist */,
			);
			path = SwiftTillUITests;
			sourceTree = "<group>";
		};
/* End PBXGroup section */

/* Begin PBXNativeTarget section */
		49E232E1225F5FB9008C7760 /* SwiftTill */ = {
			isa = PBXNativeTarget;
			buildConfigurationList = 49E2330A225F5FBA008C7760 /* Build configuration list for PBXNativeTarget "SwiftTill" */;
			buildPhases = (
				49E232DE225F5FB9008C7760 /* Sources */,
				49E232DF225F5FB9008C7760 /* Frameworks */,
				49E232E0225F5FB9008C7760 /* Resources */,
			);
			buildRules = (
			);
			dependencies = (
			);
			name = SwiftTill;
			productName = SwiftTill;
			productReference = 49E232E2225F5FB9008C7760 /* SwiftTill.app */;
			productType = "com.apple.product-type.application";
		};
		49E232F5225F5FBA008C7760 /* SwiftTillTests */ = {
			isa = PBXNativeTarget;
			buildConfigurationList = 49E2330D225F5FBA008C7760 /* Build configuration list for PBXNativeTarget "SwiftTillTests" */;
			buildPhases = (
				49E232F2225F5FBA008C7760 /* Sources */,
				49E232F3225F5FBA008C7760 /* Frameworks */,
				49E232F4225F5FBA008C7760 /* Resources */,
			);
			buildRules = (
			);
			dependencies = (
				49E232F8225F5FBA008C7760 /* PBXTargetDependency */,
			);
			name = SwiftTillTests;
			productName = SwiftTillTests;
			productReference = 49E232F6225F5FBA008C7760 /* SwiftTillTests.xctest */;
			productType = "com.apple.product-type.bundle.unit-test";
		};
		49E23300225F5FBA008C7760 /* SwiftTillUITests */ = {
			isa = PBXNativeTarget;
			buildConfigurationList = 49E23310225F5FBA008C7760 /* Build configuration list for PBXNativeTarget "SwiftTillUITests" */;
			buildPhases = (
				49E232FD225F5FBA008C7760 /* Sources */,
				49E232FE225F5FBA008C7760 /* Frameworks */,
				49E232FF225F5FBA008C7760 /* Resources */,
			);
			buildRules = (
			);
			dependencies = (
				49E23303225F5FBA008C7760 /* PBXTargetDependency */,
			);
			name = SwiftTillUITests;
			productName = SwiftTillUITests;
			productReference = 49E23301225F5FBA008C7760 /* SwiftTillUITests.xctest */;
			productType = "com.apple.product-type.bundle.ui-testing";
		};
/* End PBXNativeTarget section */

/* Begin PBXProject section */
		49E232DA225F5FB9008C7760 /* Project object */ = {
			isa = PBXProject;
			attributes = {
				LastSwiftUpdateCheck = 1020;
				LastUpgradeCheck = 1020;
				ORGANIZATIONNAME = Andrew;
				TargetAttributes = {
					49E232E1225F5FB9008C7760 = {
						CreatedOnToolsVersion = 10.2;
					};
					49E232F5225F5FBA008C7760 = {
						CreatedOnToolsVersion = 10.2;
						TestTargetID = 49E232E1225F5FB9008C7760;
					};
					49E23300225F5FBA008C7760 = {
						CreatedOnToolsVersion = 10.2;
						TestTargetID = 49E232E1225F5FB9008C7760;
					};
				};
			};
			buildConfigurationList = 49E232DD225F5FB9008C7760 /* Build configuration list for PBXProject "SwiftTill" */;
			compatibilityVersion = "Xcode 9.3";
			developmentRegion = en;
			hasScannedForEncodings = 0;
			knownRegions = (
				en,
				Base,
			);
			mainGroup = 49E232D9225F5FB9008C7760;
			productRefGroup = 49E232E3225F5FB9008C7760 /* Products */;
			projectDirPath = "";
			projectRoot = "";
			targets = (
				49E232E1225F5FB9008C7760 /* SwiftTill */,
				49E232F5225F5FBA008C7760 /* SwiftTillTests */,
				49E23300225F5FBA008C7760 /* SwiftTillUITests */,
			);
		};
/* End PBXProject section */

/* Begin PBXResourcesBuildPhase section */
		49E232E0225F5FB9008C7760 /* Resources */ = {
			isa = PBXResourcesBuildPhase;
			buildActionMask = 2147483647;
			files = (
				49E232F0225F5FBA008C7760 /* LaunchScreen.storyboard in Resources */,
				49E232ED225F5FBA008C7760 /* Assets.xcassets in Resources */,
				49E232EB225F5FB9008C7760 /* Main.storyboard in Resources */,
			);
			runOnlyForDeploymentPostprocessing = 0;
		};
		49E232F4225F5FBA008C7760 /* Resources */ = {
			isa = PBXResourcesBuildPhase;
			buildActionMask = 2147483647;
			files = (
			);
			runOnlyForDeploymentPostprocessing = 0;
		};
		49E232FF225F5FBA008C7760 /* Resources */ = {
			isa = PBXResourcesBuildPhase;
			buildActionMask = 2147483647;
			files = (
			);
			runOnlyForDeploymentPostprocessing = 0;
		};
/* End PBXResourcesBuildPhase section */

/* Begin PBXSourcesBuildPhase section */
		49E232DE225F5FB9008C7760 /* Sources */ = {
			isa = PBXSourcesBuildPhase;
			buildActionMask = 2147483647;
			files = (
				49E232E8225F5FB9008C7760 /* ViewController.swift in Sources */,
				49E232E6225F5FB9008C7760 /* AppDelegate.swift in Sources */,
			);
			runOnlyForDeploymentPostprocessing = 0;
		};
		49E232F2225F5FBA008C7760 /* Sources */ = {
			isa = PBXSourcesBuildPhase;
			buildActionMask = 2147483647;
			files = (
				49E232FB225F5FBA008C7760 /* SwiftTillTests.swift in Sources */,
			);
			runOnlyForDeploymentPostprocessing = 0;
		};
		49E232FD225F5FBA008C7760 /* Sources */ = {
			isa = PBXSourcesBuildPhase;
			buildActionMask = 2147483647;
			files = (
				49E23306225F5FBA008C7760 /* SwiftTillUITests.swift in Sources */,
			);
			runOnlyForDeploymentPostprocessing = 0;
		};
/* End PBXSourcesBuildPhase section */

/* Begin PBXTargetDependency section */
		49E232F8225F5FBA008C7760 /* PBXTargetDependency */ = {
			isa = PBXTargetDependency;
			target = 49E232E1225F5FB9008C7760 /* SwiftTill */;
			targetProxy = 49E232F7225F5FBA008C7760 /* PBXContainerItemProxy */;
		};
		49E23303225F5FBA008C7760 /* PBXTargetDependency */ = {
			isa = PBXTargetDependency;
			target = 49E232E1225F5FB9008C7760 /* SwiftTill */;
			targetProxy = 49E23302225F5FBA008C7760 /* PBXContainerItemProxy */;
		};
/* End PBXTargetDependency section */

/* Begin PBXVariantGroup section */
		49E232E9225F5FB9008C7760 /* Main.storyboard */ = {
			isa = PBXVariantGroup;
			children = (
				49E232EA225F5FB9008C7760 /* Base */,
			);
			name = Main.storyboard;
			sourceTree = "<group>";
		};
		49E232EE225F5FBA008C7760 /* LaunchScreen.storyboard */ = {
			isa = PBXVariantGroup;
			children = (
				49E232EF225F5FBA008C7760 /* Base */,
			);
			name = LaunchScreen.storyboard;
			sourceTree = "<group>";
		};
/* End PBXVariantGroup section */

/* Begin XCBuildConfiguration section */
		49E23308225F5FBA008C7760 /* Debug */ = {
			isa = XCBuildConfiguration;
			buildSettings = {
				ALWAYS_SEARCH_USER_PATHS = NO;
				CLANG_ANALYZER_NONNULL = YES;
				CLANG_ANALYZER_NUMBER_OBJECT_CONVERSION = YES_AGGRESSIVE;
				CLANG_CXX_LANGUAGE_STANDARD = "gnu++14";
				CLANG_CXX_LIBRARY = "libc++";
				CLANG_ENABLE_MODULES = YES;
				CLANG_ENABLE_OBJC_ARC = YES;
				CLANG_ENABLE_OBJC_WEAK = YES;
				CLANG_WARN_BLOCK_CAPTURE_AUTORELEASING = YES;
				CLANG_WARN_BOOL_CONVERSION = YES;
				CLANG_WARN_COMMA = YES;
				CLANG_WARN_CONSTANT_CONVERSION = YES;
				CLANG_WARN_DEPRECATED_OBJC_IMPLEMENTATIONS = YES;
				CLANG_WARN_DIRECT_OBJC_ISA_USAGE = YES_ERROR;
				CLANG_WARN_DOCUMENTATION_COMMENTS = YES;
				CLANG_WARN_EMPTY_BODY = YES;
				CLANG_WARN_ENUM_CONVERSION = YES;
				CLANG_WARN_INFINITE_RECURSION = YES;
				CLANG_WARN_INT_CONVERSION = YES;
				CLANG_WARN_NON_LITERAL_NULL_CONVERSION = YES;
				CLANG_WARN_OBJC_IMPLICIT_RETAIN_SELF = YES;
				CLANG_WARN_OBJC_LITERAL_CONVERSION = YES;
				CLANG_WARN_OBJC_ROOT_CLASS = YES_ERROR;
				CLANG_WARN_RANGE_LOOP_ANALYSIS = YES;
				CLANG_WARN_STRICT_PROTOTYPES = YES;
				CLANG_WARN_SUSPICIOUS_MOVE = YES;
				CLANG_WARN_UNGUARDED_AVAILABILITY = YES_AGGRESSIVE;
				CLANG_WARN_UNREACHABLE_CODE = YES;
				CLANG_WARN__DUPLICATE_METHOD_MATCH = YES;
				CODE_SIGN_IDENTITY = "iPhone Developer";
				COPY_PHASE_STRIP = NO;
				DEBUG_INFORMATION_FORMAT = dwarf;
				ENABLE_STRICT_OBJC_MSGSEND = YES;
				ENABLE_TESTABILITY = YES;
				GCC_C_LANGUAGE_STANDARD = gnu11;
				GCC_DYNAMIC_NO_PIC = NO;
				GCC_NO_COMMON_BLOCKS = YES;
				GCC_OPTIMIZATION_LEVEL = 0;
				GCC_PREPROCESSOR_DEFINITIONS = (
					"DEBUG=1",
					"$(inherited)",
				);
				GCC_WARN_64_TO_32_BIT_CONVERSION = YES;
				GCC_WARN_ABOUT_RETURN_TYPE = YES_ERROR;
				GCC_WARN_UNDECLARED_SELECTOR = YES;
				GCC_WARN_UNINITIALIZED_AUTOS = YES_AGGRESSIVE;
				GCC_WARN_UNUSED_FUNCTION = YES;
				GCC_WARN_UNUSED_VARIABLE = YES;
				IPHONEOS_DEPLOYMENT_TARGET = 12.2;
				MTL_ENABLE_DEBUG_INFO = INCLUDE_SOURCE;
				MTL_FAST_MATH = YES;
				ONLY_ACTIVE_ARCH = YES;
				SDKROOT = iphoneos;
				SWIFT_ACTIVE_COMPILATION_CONDITIONS = DEBUG;
				SWIFT_OPTIMIZATION_LEVEL = "-Onone";
			};
			name = Debug;
		};
		49E23309225F5FBA008C7760 /* Release */ = {
			isa = XCBuildConfiguration;
			buildSettings = {
				ALWAYS_SEARCH_USER_PATHS = NO;
				CLANG_ANALYZER_NONNULL = YES;
				CLANG_ANALYZER_NUMBER_OBJECT_CONVERSION = YES_AGGRESSIVE;
				CLANG_CXX_LANGUAGE_STANDARD = "gnu++14";
				CLANG_CXX_LIBRARY = "libc++";
				CLANG_ENABLE_MODULES = YES;
				CLANG_ENABLE_OBJC_ARC = YES;
				CLANG_ENABLE_OBJC_WEAK = YES;
				CLANG_WARN_BLOCK_CAPTURE_AUTORELEASING = YES;
				CLANG_WARN_BOOL_CONVERSION = YES;
				CLANG_WARN_COMMA = YES;
				CLANG_WARN_CONSTANT_CONVERSION = YES;
				CLANG_WARN_DEPRECATED_OBJC_IMPLEMENTATIONS = YES;
				CLANG_WARN_DIRECT_OBJC_ISA_USAGE = YES_ERROR;
				CLANG_WARN_DOCUMENTATION_COMMENTS = YES;
				CLANG_WARN_EMPTY_BODY = YES;
				CLANG_WARN_ENUM_CONVERSION = YES;
				CLANG_WARN_INFINITE_RECURSION = YES;
				CLANG_WARN_INT_CONVERSION = YES;
				CLANG_WARN_NON_LITERAL_NULL_CONVERSION = YES;
				CLANG_WARN_OBJC_IMPLICIT_RETAIN_SELF = YES;
				CLANG_WARN_OBJC_LITERAL_CONVERSION = YES;
				CLANG_WARN_OBJC_ROOT_CLASS = YES_ERROR;
				CLANG_WARN_RANGE_LOOP_ANALYSIS = YES;
				CLANG_WARN_STRICT_PROTOTYPES = YES;
				CLANG_WARN_SUSPICIOUS_MOVE = YES;
				CLANG_WARN_UNGUARDED_AVAILABILITY = YES_AGGRESSIVE;
				CLANG_WARN_UNREACHABLE_CODE = YES;
				CLANG_WARN__DUPLICATE_METHOD_MATCH = YES;
				CODE_SIGN_IDENTITY = "iPhone Developer";
				COPY_PHASE_STRIP = NO;
				DEBUG_INFORMATION_FORMAT = "dwarf-with-dsym";
				ENABLE_NS_ASSERTIONS = NO;
				ENABLE_STRICT_OBJC_MSGSEND = YES;
				GCC_C_LANGUAGE_STANDARD = gnu11;
				GCC_NO_COMMON_BLOCKS = YES;
				GCC_WARN_64_TO_32_BIT_CONVERSION = YES;
				GCC_WARN_ABOUT_RETURN_TYPE = YES_ERROR;
				GCC_WARN_UNDECLARED_SELECTOR = YES;
				GCC_WARN_UNINITIALIZED_AUTOS = YES_AGGRESSIVE;
				GCC_WARN_UNUSED_FUNCTION = YES;
				GCC_WARN_UNUSED_VARIABLE = YES;
				IPHONEOS_DEPLOYMENT_TARGET = 12.2;
				MTL_ENABLE_DEBUG_INFO = NO;
				MTL_FAST_MATH = YES;
				SDKROOT = iphoneos;
				SWIFT_COMPILATION_MODE = wholemodule;
				SWIFT_OPTIMIZATION_LEVEL = "-O";
				VALIDATE_PRODUCT = YES;
			};
			name = Release;
		};
		49E2330B225F5FBA008C7760 /* Debug */ = {
			isa = XCBuildConfiguration;
			buildSettings = {
				ASSETCATALOG_COMPILER_APPICON_NAME = AppIcon;
				CODE_SIGN_STYLE = Automatic;
				INFOPLIST_FILE = SwiftTill/Info.plist;
				LD_RUNPATH_SEARCH_PATHS = (
					"$(inherited)",
					"@executable_path/Frameworks",
				);
				PRODUCT_BUNDLE_IDENTIFIER = com.acodeguy.SwiftTill;
				PRODUCT_NAME = "$(TARGET_NAME)";
				SWIFT_VERSION = 5.0;
				TARGETED_DEVICE_FAMILY = "1,2";
			};
			name = Debug;
		};
		49E2330C225F5FBA008C7760 /* Release */ = {
			isa = XCBuildConfiguration;
			buildSettings = {
				ASSETCATALOG_COMPILER_APPICON_NAME = AppIcon;
				CODE_SIGN_STYLE = Automatic;
				INFOPLIST_FILE = SwiftTill/Info.plist;
				LD_RUNPATH_SEARCH_PATHS = (
					"$(inherited)",
					"@executable_path/Frameworks",
				);
				PRODUCT_BUNDLE_IDENTIFIER = com.acodeguy.SwiftTill;
				PRODUCT_NAME = "$(TARGET_NAME)";
				SWIFT_VERSION = 5.0;
				TARGETED_DEVICE_FAMILY = "1,2";
			};
			name = Release;
		};
		49E2330E225F5FBA008C7760 /* Debug */ = {
			isa = XCBuildConfiguration;
			buildSettings = {
				ALWAYS_EMBED_SWIFT_STANDARD_LIBRARIES = YES;
				BUNDLE_LOADER = "$(TEST_HOST)";
				CODE_SIGN_STYLE = Automatic;
				INFOPLIST_FILE = SwiftTillTests/Info.plist;
				LD_RUNPATH_SEARCH_PATHS = (
					"$(inherited)",
					"@executable_path/Frameworks",
					"@loader_path/Frameworks",
				);
				PRODUCT_BUNDLE_IDENTIFIER = com.acodeguy.SwiftTillTests;
				PRODUCT_NAME = "$(TARGET_NAME)";
				SWIFT_VERSION = 5.0;
				TARGETED_DEVICE_FAMILY = "1,2";
				TEST_HOST = "$(BUILT_PRODUCTS_DIR)/SwiftTill.app/SwiftTill";
			};
			name = Debug;
		};
		49E2330F225F5FBA008C7760 /* Release */ = {
			isa = XCBuildConfiguration;
			buildSettings = {
				ALWAYS_EMBED_SWIFT_STANDARD_LIBRARIES = YES;
				BUNDLE_LOADER = "$(TEST_HOST)";
				CODE_SIGN_STYLE = Automatic;
				INFOPLIST_FILE = SwiftTillTests/Info.plist;
				LD_RUNPATH_SEARCH_PATHS = (
					"$(inherited)",
					"@executable_path/Frameworks",
					"@loader_path/Frameworks",
				);
				PRODUCT_BUNDLE_IDENTIFIER = com.acodeguy.SwiftTillTests;
				PRODUCT_NAME = "$(TARGET_NAME)";
				SWIFT_VERSION = 5.0;
				TARGETED_DEVICE_FAMILY = "1,2";
				TEST_HOST = "$(BUILT_PRODUCTS_DIR)/SwiftTill.app/SwiftTill";
			};
			name = Release;
		};
		49E23311225F5FBA008C7760 /* Debug */ = {
			isa = XCBuildConfiguration;
			buildSettings = {
				ALWAYS_EMBED_SWIFT_STANDARD_LIBRARIES = YES;
				CODE_SIGN_STYLE = Automatic;
				INFOPLIST_FILE = SwiftTillUITests/Info.plist;
				LD_RUNPATH_SEARCH_PATHS = (
					"$(inherited)",
					"@executable_path/Frameworks",
					"@loader_path/Frameworks",
				);
				PRODUCT_BUNDLE_IDENTIFIER = com.acodeguy.SwiftTillUITests;
				PRODUCT_NAME = "$(TARGET_NAME)";
				SWIFT_VERSION = 5.0;
				TARGETED_DEVICE_FAMILY = "1,2";
				TEST_TARGET_NAME = SwiftTill;
			};
			name = Debug;
		};
		49E23312225F5FBA008C7760 /* Release */ = {
			isa = XCBuildConfiguration;
			buildSettings = {
				ALWAYS_EMBED_SWIFT_STANDARD_LIBRARIES = YES;
				CODE_SIGN_STYLE = Automatic;
				INFOPLIST_FILE = SwiftTillUITests/Info.plist;
				LD_RUNPATH_SEARCH_PATHS = (
					"$(inherited)",
					"@executable_path/Frameworks",
					"@loader_path/Frameworks",
				);
				PRODUCT_BUNDLE_IDENTIFIER = com.acodeguy.SwiftTillUITests;
				PRODUCT_NAME = "$(TARGET_NAME)";
				SWIFT_VERSION = 5.0;
				TARGETED_DEVICE_FAMILY = "1,2";
				TEST_TARGET_NAME = SwiftTill;
			};
			name = Release;
		};
/* End XCBuildConfiguration section */

/* Begin XCConfigurationList section */
		49E232DD225F5FB9008C7760 /* Build configuration list for PBXProject "SwiftTill" */ = {
			isa = XCConfigurationList;
			buildConfigurations = (
				49E23308225F5FBA008C7760 /* Debug */,
				49E23309225F5FBA008C7760 /* Release */,
			);
			defaultConfigurationIsVisible = 0;
			defaultConfigurationName = Release;
		};
		49E2330A225F5FBA008C7760 /* Build configuration list for PBXNativeTarget "SwiftTill" */ = {
			isa = XCConfigurationList;
			buildConfigurations = (
				49E2330B225F5FBA008C7760 /* Debug */,
				49E2330C225F5FBA008C7760 /* Release */,
			);
			defaultConfigurationIsVisible = 0;
			defaultConfigurationName = Release;
		};
		49E2330D225F5FBA008C7760 /* Build configuration list for PBXNativeTarget "SwiftTillTests" */ = {
			isa = XCConfigurationList;
			buildConfigurations = (
				49E2330E225F5FBA008C7760 /* Debug */,
				49E2330F225F5FBA008C7760 /* Release */,
			);
			defaultConfigurationIsVisible = 0;
			defaultConfigurationName = Release;
		};
		49E23310225F5FBA008C7760 /* Build configuration list for PBXNativeTarget "SwiftTillUITests" */ = {
			isa = XCConfigurationList;
			buildConfigurations = (
				49E23311225F5FBA008C7760 /* Debug */,
				49E23312225F5FBA008C7760 /* Release */,
			);
			defaultConfigurationIsVisible = 0;
			defaultConfigurationName = Release;
		};
/* End XCConfigurationList section */
	};
	rootObject = 49E232DA225F5FB9008C7760 /* Project object */;
}
